# THIS IS AN AUTOGENERATED FILE. DO NOT EDIT THIS FILE DIRECTLY.
# yarn lockfile v1


argparse@^1.0.7:
  version "1.0.10"
  resolved "https://registry.yarnpkg.com/argparse/-/argparse-1.0.10.tgz#bcd6791ea5ae09725e17e5ad988134cd40b3d911"
  integrity sha512-o5Roy6tNG4SL/FOkCAN6RzjiakZS25RLYFrcMttJqbdd8BWrnA+fGz57iN5Pb06pvBGvl5gQ0B48dJlslXvoTg==
  dependencies:
    sprintf-js "~1.0.2"

autosize@6.0.1:
  version "6.0.1"
  resolved "https://registry.yarnpkg.com/autosize/-/autosize-6.0.1.tgz#64ee78dd7029be959eddd3afbbd33235b957e10f"
  integrity sha512-f86EjiUKE6Xvczc4ioP1JBlWG7FKrE13qe/DxBCpe8GCipCq2nFw73aO8QEBKHfSbYGDN5eB9jXWKen7tspDqQ==

backbone@1.6.0:
  version "1.6.0"
  resolved "https://registry.yarnpkg.com/backbone/-/backbone-1.6.0.tgz#5cdfa25257819b223109a77a74dde26d38995930"
  integrity sha512-13PUjmsgw/49EowNcQvfG4gmczz1ximTMhUktj0Jfrjth0MVaTxehpU+qYYX4MxnuIuhmvBLC6/ayxuAGnOhbA==
  dependencies:
    underscore ">=1.8.3"

blueimp-gallery@2.33.0:
  version "2.33.0"
  resolved "https://registry.yarnpkg.com/blueimp-gallery/-/blueimp-gallery-2.33.0.tgz#f897912a1bbf65be904454d5990be6155799dd45"
  integrity sha512-gz++nODmcJkENLXizdazy4z4EqoJCXyOisrH6M/fR3JE507yO+tPgoEsRCBggGwMAmQsu6kWACfldlq7RIa+Lg==

bootstrap-markdown@2.10.0:
  version "2.10.0"
  resolved "https://registry.yarnpkg.com/bootstrap-markdown/-/bootstrap-markdown-2.10.0.tgz#65234277840454ee1adc7482b2f4a5e3975dace5"
  integrity sha512-dh2uKRsa8Fjy+oZNndproaJx0hFmV4SdpU/d/4kH+QggA6iVEiEE7Ga4Fb0BOpnhfagcCRI6eBAgmJtHELh+rg==

core-js@^2.4.1:
  version "2.6.12"
  resolved "https://registry.yarnpkg.com/core-js/-/core-js-2.6.12.tgz#d9333dfa7b065e347cc5682219d6f690859cc2ec"
  integrity sha512-Kb2wC0fvsWfQrgk8HU5lW6U/Lcs8+9aaYcy4ZFc6DDlo4nZ7n70dEgE5rtR0oG6ufKDUnrwfWL1mXR5ljDatrQ==

corejs-typeahead@1.3.4:
  version "1.3.4"
  resolved "https://registry.yarnpkg.com/corejs-typeahead/-/corejs-typeahead-1.3.4.tgz#dad8c5ab63579947b5d665eee3b538479847b0f8"
  integrity sha512-4SAc1UWszc05IyG9te1JHSeLas5WUWKmKAB8m9E6AAmHCpYhdSaySkblVSIUwQG2FR5uAsaeHbKM+pkEP7SiNw==
  dependencies:
    jquery ">=1.11"

cropperjs@1.6.2:
  version "1.6.2"
  resolved "https://registry.yarnpkg.com/cropperjs/-/cropperjs-1.6.2.tgz#d1a5d627d880581cca41b7901f06923500e4201b"
  integrity sha512-nhymn9GdnV3CqiEHJVai54TULFAE3VshJTXSqSJKa8yXAKyBKDWdhHarnlIPrshJ0WMFTGuFvG02YjLXfPiuOA==

entities@~1.1.1:
  version "1.1.2"
  resolved "https://registry.yarnpkg.com/entities/-/entities-1.1.2.tgz#bdfa735299664dfafd34529ed4f8522a275fea56"
  integrity sha512-f2LZMYl1Fzu7YSBKg+RoROelpOaNrcGmE9AZubeDfrCEia483oW4MI4VyFd5VNHIgQ/7qm1I0wUHK1eJnn2y2w==

fine-uploader@5.16.2:
  version "5.16.2"
  resolved "https://registry.yarnpkg.com/fine-uploader/-/fine-uploader-5.16.2.tgz#0d878da1cd2753f80683ac091df5daff9ffb8c44"
  integrity sha512-y8giOn50k7rwMj/Y50Q/Sph8/DqZIao9YE7eOTrvwPfY7FpQwiNeqIOIsaP9CNPkXVNpUKGxZb0D1JvYSwrJZg==

glur@^1.1.2:
  version "1.1.2"
  resolved "https://registry.yarnpkg.com/glur/-/glur-1.1.2.tgz#f20ea36db103bfc292343921f1f91e83c3467689"
  integrity sha512-l+8esYHTKOx2G/Aao4lEQ0bnHWg4fWtJbVoZZT9Knxi01pB8C80BR85nONLFwkkQoFRCmXY+BUcGZN3yZ2QsRA==

highlightjs@9.16.2:
  version "9.16.2"
  resolved "https://registry.yarnpkg.com/highlightjs/-/highlightjs-9.16.2.tgz#07ea6cc7c93340fc440734fb7abf28558f1f0fe1"
  integrity sha512-FK1vmMj8BbEipEy8DLIvp71t5UsC7n2D6En/UfM/91PCwmOpj6f2iu0Y0coRC62KSRHHC+dquM2xMULV/X7NFg==

inherits@^2.0.3:
  version "2.0.4"
  resolved "https://registry.yarnpkg.com/inherits/-/inherits-2.0.4.tgz#0fa2c64f932917c3433a0ded55363aae37416b7c"
  integrity sha512-k/vGaX4/Yla3WzyMCvTQOXYeIHvqOKtnqBduzTHpzpQZzAskKMhZ2K+EnBiSM9zGSoIFeMpXKxa4dYeZIQqewQ==

jasmine-ajax@4.0.0:
  version "4.0.0"
  resolved "https://registry.yarnpkg.com/jasmine-ajax/-/jasmine-ajax-4.0.0.tgz#7d8ba7e47e3f7e780e155fe9aa563faafa7e1a26"
  integrity sha512-htTxNw38BSHxxmd8RRMejocdPqLalGHU6n3HWFbzp/S8AuTQd1MYjkSH3dYDsbZ7EV1Xqx/b94m3tKaVSVBV2A==

jquery-placeholder@2.3.1:
  version "2.3.1"
  resolved "https://registry.yarnpkg.com/jquery-placeholder/-/jquery-placeholder-2.3.1.tgz#6025a1241019c08a8fb3ab8ed076285c05ba5e91"
  integrity sha512-5MK5cRqAfgLrnky1vlLOoK/1SSivYmCFDWwYWLI92aD7VhiIBMmmI6V56F5xyROIXCJnd4BtTBtWzEZ3SiIGTw==

jquery.are-you-sure@1.9.0:
  version "1.9.0"
  resolved "https://registry.yarnpkg.com/jquery.are-you-sure/-/jquery.are-you-sure-1.9.0.tgz#16aaa2c6080fa214f64027239ae3a34ad6a6265e"
  integrity sha512-2r0uFx8CyAopjeHGOdvvwpFP921TnW1+v1uJXcAWQYHYGB1tryTDhQY+5u6HsVeMwbWiRTKVZFWnLaFpDvIqZQ==
  dependencies:
    jquery ">=1.4.2"

jquery@3.7.0, jquery@>=1.11, jquery@>=1.4.2:
  version "3.7.0"
  resolved "https://registry.yarnpkg.com/jquery/-/jquery-3.7.0.tgz#fe2c01a05da500709006d8790fe21c8a39d75612"
  integrity sha512-umpJ0/k8X0MvD1ds0P9SfowREz2LenHsQaxSohMZ5OMNEU2r0tf8pdeEFTHMFxWVxKNyU9rTtK3CWzUCTKJUeQ==

linkify-it@^2.0.0:
  version "2.2.0"
  resolved "https://registry.yarnpkg.com/linkify-it/-/linkify-it-2.2.0.tgz#e3b54697e78bf915c70a38acd78fd09e0058b1cf"
  integrity sha512-GnAl/knGn+i1U/wjBz3akz2stz+HrHLsxMwHQGofCDfPvlf+gDKN58UtfmUquTY4/MXeE2x7k19KQmeoZi94Iw==
  dependencies:
    uc.micro "^1.0.1"

markdown-it-diaspora-mention@^1.2.0:
  version "1.2.0"
  resolved "https://registry.yarnpkg.com/markdown-it-diaspora-mention/-/markdown-it-diaspora-mention-1.2.0.tgz#30bf441947fbd425943326d8de975b2b21f7ab5f"
  integrity sha512-wpi4ll/QIFbaZUz/mA9dvqTbNYaRupWv7OhNqZ9AeXlyzvwAWc1ooJnrNZuq7NAtajYj2Q3884Bd6YzdbpE+cA==
  dependencies:
    core-js "^2.4.1"

markdown-it-footnote@3.0.3:
  version "3.0.3"
  resolved "https://registry.yarnpkg.com/markdown-it-footnote/-/markdown-it-footnote-3.0.3.tgz#e0e4c0d67390a4c5f0c75f73be605c7c190ca4d8"
  integrity sha512-YZMSuCGVZAjzKMn+xqIco9d1cLGxbELHZ9do/TSYVzraooV8ypsppKNmUJ0fVH5ljkCInQAtFpm8Rb3eXSrt5w==

markdown-it-for-inline@0.1.1:
  version "0.1.1"
  resolved "https://registry.yarnpkg.com/markdown-it-for-inline/-/markdown-it-for-inline-0.1.1.tgz#435f2316f5b5e68e1450cfa2242f2b8d59adc75f"
  integrity sha512-lLQuczOg90a9q9anIUbmq+M+FFrIYNN5TfpccLDRchQic8nj/uTqaJKoYr73FF2tR4O8mFfh2ZzCDAAB2MZJgA==

markdown-it-hashtag@0.4.0:
  version "0.4.0"
  resolved "https://registry.yarnpkg.com/markdown-it-hashtag/-/markdown-it-hashtag-0.4.0.tgz#99824c44eb06a82167574cc271398fa80d79b631"
  integrity sha512-+VCMH+f4/Ud5wPEtcAMrlLbUrrGViwR9JvjPy//X3Z7ZG1j5nQuHtDLTGZfMhkqYTMY+cTZgZkVNBsXMfU93Yg==

markdown-it-html5-embed@^1.0.0:
  version "1.0.0"
  resolved "https://registry.yarnpkg.com/markdown-it-html5-embed/-/markdown-it-html5-embed-1.0.0.tgz#f36bedca1eb12ce4df2d53b5ec72f62ba5e094b3"
  integrity sha512-SPgugO/1+/9sZcgxoxijoTHSUpCUgFCNe1MSuTmDxDkV6NQrVzMclhRMFgE/rcHO+2rhIg3U7Oy80XA/E8ytpg==
  dependencies:
    markdown-it "^8.4.0"
    mimoza "~1.0.0"

markdown-it-sanitizer@0.4.3:
  version "0.4.3"
  resolved "https://registry.yarnpkg.com/markdown-it-sanitizer/-/markdown-it-sanitizer-0.4.3.tgz#2ba34e9fe16e6372ce7192fb50b37d9dfbff0102"
  integrity sha512-0Q2ua8+oDN7/3r5UXMnbVq8C+LRfT2pzVKA+h4nXTLEMBFQDwp7qJZOe7DkBa79C7V2cSBXJyScxJ7vYs9kE2w==

markdown-it-sub@1.0.0:
  version "1.0.0"
  resolved "https://registry.yarnpkg.com/markdown-it-sub/-/markdown-it-sub-1.0.0.tgz#375fd6026eae7ddcb012497f6411195ea1e3afe8"
  integrity sha512-z2Rm/LzEE1wzwTSDrI+FlPEveAAbgdAdPhdWarq/ZGJrGW/uCQbKAnhoCsE4hAbc3SEym26+W2z/VQB0cQiA9Q==

markdown-it-sup@1.0.0:
  version "1.0.0"
  resolved "https://registry.yarnpkg.com/markdown-it-sup/-/markdown-it-sup-1.0.0.tgz#cb9c9ff91a5255ac08f3fd3d63286e15df0a1fc3"
  integrity sha512-E32m0nV9iyhRR7CrhnzL5msqic7rL1juWre6TQNxsnApg7Uf+F97JOKxUijg5YwXz86lZ0mqfOnutoryyNdntQ==

markdown-it@8.4.2, markdown-it@^8.4.0:
  version "8.4.2"
  resolved "https://registry.yarnpkg.com/markdown-it/-/markdown-it-8.4.2.tgz#386f98998dc15a37722aa7722084f4020bdd9b54"
  integrity sha512-GcRz3AWTqSUphY3vsUqQSFMbgR38a4Lh3GWlHRh/7MRwz8mcu9n2IO7HOh+bXHrR9kOPDl5RNCaEsrneb+xhHQ==
  dependencies:
    argparse "^1.0.7"
    entities "~1.1.1"
    linkify-it "^2.0.0"
    mdurl "^1.0.1"
    uc.micro "^1.0.5"

mdurl@^1.0.1:
  version "1.0.1"
  resolved "https://registry.yarnpkg.com/mdurl/-/mdurl-1.0.1.tgz#fe85b2ec75a59037f2adfec100fd6c601761152e"
  integrity sha512-/sKlQJCBYVY9Ers9hqzKou4H6V5UWc/M59TH2dvkt+84itfnq7uFOMLpOiOS4ujvHP4etln18fmIxA5R5fll0g==

mime-db@^1.6.0:
  version "1.52.0"
  resolved "https://registry.yarnpkg.com/mime-db/-/mime-db-1.52.0.tgz#bbabcdc02859f4987301c856e3387ce5ec43bf70"
  integrity sha512-sPU4uV7dYlvtWJxwwxHD0PuihVNiE7TyAbQ5SWxDCB9mUYvOgroQOwYQQOKPJ8CIbE+1ETVlOoK1UC2nU3gYvg==

mimoza@~1.0.0:
  version "1.0.0"
  resolved "https://registry.yarnpkg.com/mimoza/-/mimoza-1.0.0.tgz#d74aa4fe08932f005e430bdc7bfcfa95fcab4e62"
  integrity sha512-+j7SSye/hablu66K/jjeyPmk6WL8RoXfeZ+MMn37vSNDGuaWY/5wm10LpSpxAHX4kNoEwkTWYHba8ePVip+Hqg==
  dependencies:
    mime-db "^1.6.0"

multimath@^1.0.3:
  version "1.0.3"
  resolved "https://registry.yarnpkg.com/multimath/-/multimath-1.0.3.tgz#eadee6fb9d727d329d64d60bba247af42334451d"
  integrity sha512-Pfkai+VVbWSBL2XyzKIisZ2HFJ4a6lTWoyfjUUMu34bFkewmmYuG9/mB6l8/7O/Zs2Ap3u81ueKxTHoOmkZp4Q==
  dependencies:
    glur "^1.1.2"
    object-assign "^4.1.1"

object-assign@^4.1.1:
  version "4.1.1"
  resolved "https://registry.yarnpkg.com/object-assign/-/object-assign-4.1.1.tgz#2109adc7965887cfc05cbbd442cac8bfbb360863"
  integrity sha512-rJgTQnkUnH1sFw8yT6VSU3zD3sWmu6sZhIseY8VX+GRu3P6F7Fu+JNDoXfklElbLJSnc3FUQHVe4cU5hj+BcUg==

perfect-scrollbar@1.5.5:
  version "1.5.5"
  resolved "https://registry.yarnpkg.com/perfect-scrollbar/-/perfect-scrollbar-1.5.5.tgz#41a211a2fb52a7191eff301432134ea47052b27f"
  integrity sha512-dzalfutyP3e/FOpdlhVryN4AJ5XDVauVWxybSkLZmakFE2sS3y3pc4JnSprw8tGmHvkaG5Edr5T7LBTZ+WWU2g==

pica@5.0.0:
  version "5.0.0"
  resolved "https://registry.yarnpkg.com/pica/-/pica-5.0.0.tgz#c01ca5bce8ba07c0e7fd4d0c408199e8ad0a2f86"
  integrity sha512-g+Ik3Co+2ybRYOrh77xUz+BsFF+anyAdqX+XRGTWbEW6u7CbNA6/m2wKAiloZPFngmomh6HOKcY9AperpV5Zzg==
  dependencies:
    inherits "^2.0.3"
    multimath "^1.0.3"
    object-assign "^4.1.1"
    webworkify "^1.5.0"

sprintf-js@~1.0.2:
  version "1.0.3"
  resolved "https://registry.yarnpkg.com/sprintf-js/-/sprintf-js-1.0.3.tgz#04e6926f662895354f3dd015203633b857297e2c"
  integrity sha512-D9cPgkvLlV3t3IzL0D0YLvGA9Ahk4PcvVwUbN0dSGr1aP0Nrt4AEnTUbuGvquEC0mA64Gqt1fzirlRs5ibXx8g==

uc.micro@^1.0.1, uc.micro@^1.0.5:
  version "1.0.6"
  resolved "https://registry.yarnpkg.com/uc.micro/-/uc.micro-1.0.6.tgz#9c411a802a409a91fc6cf74081baba34b24499ac"
  integrity sha512-8Y75pvTYkLJW2hWQHXxoqRgV7qb9B+9vFEtidML+7koHUFapnVJAZ6cKs+Qjz5Aw3aZWHMC6u0wJE3At+nSGwA==

underscore@>=1.8.3:
  version "1.13.6"
  resolved "https://registry.yarnpkg.com/underscore/-/underscore-1.13.6.tgz#04786a1f589dc6c09f761fc5f45b89e935136441"
  integrity sha512-+A5Sja4HP1M08MaXya7p5LvjuM7K6q/2EaC0+iovj/wOcMsTzMvDFbasi/oSapiwOlt252IqsKqPjCl7huKS0A==

webworkify@^1.5.0:
  version "1.5.0"
  resolved "https://registry.yarnpkg.com/webworkify/-/webworkify-1.5.0.tgz#734ad87a774de6ebdd546e1d3e027da5b8f4a42c"
  integrity sha512-AMcUeyXAhbACL8S2hqqdqOLqvJ8ylmIbNwUIqQujRSouf4+eUFaXbG6F1Rbu+srlJMmxQWsiU7mOJi0nMBfM1g==
